
Microsoft Visual Studio Solution File, Format Version 12.00
# Visual Studio Version 17
VisualStudioVersion = 17.9.34728.123
MinimumVisualStudioVersion = 10.0.40219.1
Project("{9A19103F-16F7-4668-BE54-9A1E7A4F7556}") = "CarShopApi", "CarShopApi\CarShopApi.csproj", "{DD3539B2-4219-4B6E-A981-6041F3CD99E3}"
EndProject
Project("{9A19103F-16F7-4668-BE54-9A1E7A4F7556}") = "CarShopApp.Blazor.Server.UI", "CarShopApp.Blazor.Server.UI\CarShopApp.Blazor.Server.UI.csproj", "{4EE964CC-84B1-4122-984D-3EE64E90E6E1}"
EndProject
Global
	GlobalSection(SolutionConfigurationPlatforms) = preSolution
		Debug|Any CPU = Debug|Any CPU
		Release|Any CPU = Release|Any CPU
	EndGlobalSection
	GlobalSection(ProjectConfigurationPlatforms) = postSolution
		{DD3539B2-4219-4B6E-A981-6041F3CD99E3}.Debug|Any CPU.ActiveCfg = Debug|Any CPU
		{DD3539B2-4219-4B6E-A981-6041F3CD99E3}.Debug|Any CPU.Build.0 = Debug|Any CPU
		{DD3539B2-4219-4B6E-A981-6041F3CD99E3}.Release|Any CPU.ActiveCfg = Release|Any CPU
		{DD3539B2-4219-4B6E-A981-6041F3CD99E3}.Release|Any CPU.Build.0 = Release|Any CPU
		{4EE964CC-84B1-4122-984D-3EE64E90E6E1}.Debug|Any CPU.ActiveCfg = Debug|Any CPU
		{4EE964CC-84B1-4122-984D-3EE64E90E6E1}.Debug|Any CPU.Build.0 = Debug|Any CPU
		{4EE964CC-84B1-4122-984D-3EE64E90E6E1}.Release|Any CPU.ActiveCfg = Release|Any CPU
		{4EE964CC-84B1-4122-984D-3EE64E90E6E1}.Release|Any CPU.Build.0 = Release|Any CPU
	EndGlobalSection
	GlobalSection(SolutionProperties) = preSolution
		HideSolutionNode = FALSE
	EndGlobalSection
	GlobalSection(ExtensibilityGlobals) = postSolution
		SolutionGuid = {A30DEE8A-995D-4524-B3C7-649E764AAEF1}
	EndGlobalSection
EndGlobal
